
Microsoft Visual Studio Solution File, Format Version 12.00
# Visual Studio 15
VisualStudioVersion = 15.0.28307.329
MinimumVisualStudioVersion = 10.0.40219.1
Project("{FAE04EC0-301F-11D3-BF4B-00C04F79EFBC}") = "EolCopy", "EolCopy\EolCopy.csproj", "{40C23AA5-DFB1-4A74-85C0-26627DCE9295}"
EndProject
Global
	GlobalSection(SolutionConfigurationPlatforms) = preSolution
		Debug|Any CPU = Debug|Any CPU
		Release|Any CPU = Release|Any CPU
	EndGlobalSection
	GlobalSection(ProjectConfigurationPlatforms) = postSolution
		{40C23AA5-DFB1-4A74-85C0-26627DCE9295}.Debug|Any CPU.ActiveCfg = Debug|Any CPU
		{40C23AA5-DFB1-4A74-85C0-26627DCE9295}.Debug|Any CPU.Build.0 = Debug|Any CPU
		{40C23AA5-DFB1-4A74-85C0-26627DCE9295}.Release|Any CPU.ActiveCfg = Release|Any CPU
		{40C23AA5-DFB1-4A74-85C0-26627DCE9295}.Release|Any CPU.Build.0 = Release|Any CPU
	EndGlobalSection
	GlobalSection(SolutionProperties) = preSolution
		HideSolutionNode = FALSE
	EndGlobalSection
	GlobalSection(ExtensibilityGlobals) = postSolution
		SolutionGuid = {1891EF09-9928-47BC-8103-D54D305D8148}
	EndGlobalSection
EndGlobal
